
Microsoft Visual Studio Solution File, Format Version 12.00
# Visual Studio Version 16
VisualStudioVersion = 16.0.29411.108
MinimumVisualStudioVersion = 10.0.40219.1
Project("{8BC9CEB8-8B4A-11D0-8D11-00A0C91BC942}") = "Forensical", "Forensical.vcxproj", "{E05B6608-25D8-4EFF-87FA-70A512BB3A54}"
EndProject
Project("{C7167F0D-BC9F-4E6E-AFE1-012C56B48DB5}") = "ForensicalInstaller", "ForensicalInstaller\ForensicalInstaller.wapproj", "{DE06D20F-25D5-4E68-94FD-4004AEAD28E0}"
EndProject
Global
	GlobalSection(SolutionConfigurationPlatforms) = preSolution
		Debug|Any CPU = Debug|Any CPU
		Debug|ARM = Debug|ARM
		Debug|ARM64 = Debug|ARM64
		Debug|x64 = Debug|x64
		Debug|x86 = Debug|x86
		Release|Any CPU = Release|Any CPU
		Release|ARM = Release|ARM
		Release|ARM64 = Release|ARM64
		Release|x64 = Release|x64
		Release|x86 = Release|x86
	EndGlobalSection
	GlobalSection(ProjectConfigurationPlatforms) = postSolution
		{E05B6608-25D8-4EFF-87FA-70A512BB3A54}.Debug|Any CPU.ActiveCfg = Debug|Win32
		{E05B6608-25D8-4EFF-87FA-70A512BB3A54}.Debug|ARM.ActiveCfg = Debug|Win32
		{E05B6608-25D8-4EFF-87FA-70A512BB3A54}.Debug|ARM64.ActiveCfg = Debug|Win32
		{E05B6608-25D8-4EFF-87FA-70A512BB3A54}.Debug|x64.ActiveCfg = Debug|x64
		{E05B6608-25D8-4EFF-87FA-70A512BB3A54}.Debug|x64.Build.0 = Debug|x64
		{E05B6608-25D8-4EFF-87FA-70A512BB3A54}.Debug|x86.ActiveCfg = Debug|Win32
		{E05B6608-25D8-4EFF-87FA-70A512BB3A54}.Debug|x86.Build.0 = Debug|Win32
		{E05B6608-25D8-4EFF-87FA-70A512BB3A54}.Release|Any CPU.ActiveCfg = Release|Win32
		{E05B6608-25D8-4EFF-87FA-70A512BB3A54}.Release|ARM.ActiveCfg = Release|Win32
		{E05B6608-25D8-4EFF-87FA-70A512BB3A54}.Release|ARM64.ActiveCfg = Release|Win32
		{E05B6608-25D8-4EFF-87FA-70A512BB3A54}.Release|x64.ActiveCfg = Release|x64
		{E05B6608-25D8-4EFF-87FA-70A512BB3A54}.Release|x64.Build.0 = Release|x64
		{E05B6608-25D8-4EFF-87FA-70A512BB3A54}.Release|x86.ActiveCfg = Release|Win32
		{E05B6608-25D8-4EFF-87FA-70A512BB3A54}.Release|x86.Build.0 = Release|Win32
		{DE06D20F-25D5-4E68-94FD-4004AEAD28E0}.Debug|Any CPU.ActiveCfg = Debug|Any CPU
		{DE06D20F-25D5-4E68-94FD-4004AEAD28E0}.Debug|Any CPU.Build.0 = Debug|Any CPU
		{DE06D20F-25D5-4E68-94FD-4004AEAD28E0}.Debug|Any CPU.Deploy.0 = Debug|Any CPU
		{DE06D20F-25D5-4E68-94FD-4004AEAD28E0}.Debug|ARM.ActiveCfg = Debug|ARM
		{DE06D20F-25D5-4E68-94FD-4004AEAD28E0}.Debug|ARM.Build.0 = Debug|ARM
		{DE06D20F-25D5-4E68-94FD-4004AEAD28E0}.Debug|ARM.Deploy.0 = Debug|ARM
		{DE06D20F-25D5-4E68-94FD-4004AEAD28E0}.Debug|ARM64.ActiveCfg = Debug|ARM64
		{DE06D20F-25D5-4E68-94FD-4004AEAD28E0}.Debug|ARM64.Build.0 = Debug|ARM64
		{DE06D20F-25D5-4E68-94FD-4004AEAD28E0}.Debug|ARM64.Deploy.0 = Debug|ARM64
		{DE06D20F-25D5-4E68-94FD-4004AEAD28E0}.Debug|x64.ActiveCfg = Debug|x64
		{DE06D20F-25D5-4E68-94FD-4004AEAD28E0}.Debug|x64.Build.0 = Debug|x64
		{DE06D20F-25D5-4E68-94FD-4004AEAD28E0}.Debug|x64.Deploy.0 = Debug|x64
		{DE06D20F-25D5-4E68-94FD-4004AEAD28E0}.Debug|x86.ActiveCfg = Debug|x86
		{DE06D20F-25D5-4E68-94FD-4004AEAD28E0}.Debug|x86.Build.0 = Debug|x86
		{DE06D20F-25D5-4E68-94FD-4004AEAD28E0}.Debug|x86.Deploy.0 = Debug|x86
		{DE06D20F-25D5-4E68-94FD-4004AEAD28E0}.Release|Any CPU.ActiveCfg = Release|Any CPU
		{DE06D20F-25D5-4E68-94FD-4004AEAD28E0}.Release|Any CPU.Build.0 = Release|Any CPU
		{DE06D20F-25D5-4E68-94FD-4004AEAD28E0}.Release|Any CPU.Deploy.0 = Release|Any CPU
		{DE06D20F-25D5-4E68-94FD-4004AEAD28E0}.Release|ARM.ActiveCfg = Release|ARM
		{DE06D20F-25D5-4E68-94FD-4004AEAD28E0}.Release|ARM.Build.0 = Release|ARM
		{DE06D20F-25D5-4E68-94FD-4004AEAD28E0}.Release|ARM.Deploy.0 = Release|ARM
		{DE06D20F-25D5-4E68-94FD-4004AEAD28E0}.Release|ARM64.ActiveCfg = Release|ARM64
		{DE06D20F-25D5-4E68-94FD-4004AEAD28E0}.Release|ARM64.Build.0 = Release|ARM64
		{DE06D20F-25D5-4E68-94FD-4004AEAD28E0}.Release|ARM64.Deploy.0 = Release|ARM64
		{DE06D20F-25D5-4E68-94FD-4004AEAD28E0}.Release|x64.ActiveCfg = Release|x64
		{DE06D20F-25D5-4E68-94FD-4004AEAD28E0}.Release|x64.Build.0 = Release|x64
		{DE06D20F-25D5-4E68-94FD-4004AEAD28E0}.Release|x64.Deploy.0 = Release|x64
		{DE06D20F-25D5-4E68-94FD-4004AEAD28E0}.Release|x86.ActiveCfg = Release|x86
		{DE06D20F-25D5-4E68-94FD-4004AEAD28E0}.Release|x86.Build.0 = Release|x86
		{DE06D20F-25D5-4E68-94FD-4004AEAD28E0}.Release|x86.Deploy.0 = Release|x86
	EndGlobalSection
	GlobalSection(SolutionProperties) = preSolution
		HideSolutionNode = FALSE
	EndGlobalSection
	GlobalSection(ExtensibilityGlobals) = postSolution
		SolutionGuid = {76DF3292-AA4D-4BCA-83A4-C8EA689FFA36}
	EndGlobalSection
EndGlobal
